# This file is automatically @generated by Cargo.
# It is not intended for manual editing.
version = 4

[[package]]
name = "bitflags"
version = "2.13.1"
source = "registry+https://github.com/rust-lang/crates.io-index"
checksum = "b588b76d00fde79687d7646a9b5bdf3cc0f655e0bbd080335a95d7e96f3587da"

[[package]]
name = "cake"
version = "0.1.0"
dependencies = [
 "cake-blacklist",
 "cake-complete",
 "cake-editor",
 "cake-env",
 "cake-exec",
 "cake-highlight",
 "cake-platform",
 "cake-platform-unix",
 "cake-proc",
 "cake-prompt",
 "cake-reader",
 "cake-syntax",
]

[[package]]
name = "cake-blacklist"
version = "0.1.0"

[[package]]
name = "cake-builtin"
version = "0.1.0"

[[package]]
name = "cake-complete"
version = "0.1.0"
dependencies = [
 "cake-syntax",
]

[[package]]
name = "cake-editor"
version = "0.1.0"
dependencies = [
 "unicode-width",
]

[[package]]
name = "cake-env"
version = "0.1.0"

[[package]]
name = "cake-exec"
version = "0.1.0"
dependencies = [
 "cake-blacklist",
 "cake-env",
 "cake-platform",
 "cake-proc",
 "cake-syntax",
 "regex",
]

[[package]]
name = "cake-highlight"
version = "0.1.0"
dependencies = [
 "cake-syntax",
]

[[package]]
name = "cake-platform"
version = "0.1.0"
dependencies = [
 "spin",
]

[[package]]
name = "cake-platform-mock"
version = "0.1.0"
dependencies = [
 "cake-platform",
]

[[package]]
name = "cake-platform-unix"
version = "0.1.0"
dependencies = [
 "cake-platform",
 "libc",
 "nix",
]

[[package]]
name = "cake-proc"
version = "0.1.0"

[[package]]
name = "cake-prompt"
version = "0.1.0"
dependencies = [
 "unicode-width",
]

[[package]]
name = "cake-reader"
version = "0.1.0"

[[package]]
name = "cake-syntax"
version = "0.1.0"

[[package]]
name = "cfg-if"
version = "1.0.4"
source = "registry+https://github.com/rust-lang/crates.io-index"
checksum = "9330f8b2ff13f34540b44e946ef35111825727b38d33286ef986142615121801"

[[package]]
name = "cfg_aliases"
version = "0.2.2"
source = "registry+https://github.com/rust-lang/crates.io-index"
checksum = "f079e83a288787bcd14a6aea84cee5c87a67c5a3e660c30f557a3d24761b3527"

[[package]]
name = "libc"
version = "0.2.189"
source = "registry+https://github.com/rust-lang/crates.io-index"
checksum = "3eaf3ede3fee6db1a4c2ee091bf8a8b4dccdc6d17f656fb07896ee72867612f2"

[[package]]
name = "nix"
version = "0.31.3"
source = "registry+https://github.com/rust-lang/crates.io-index"
checksum = "cf20d2fde8ff38632c426f1165ed7436270b44f199fc55284c38276f9db47c3d"
dependencies = [
 "bitflags",
 "cfg-if",
 "cfg_aliases",
 "libc",
]

[[package]]
name = "regex"
version = "1.13.1"
source = "registry+https://github.com/rust-lang/crates.io-index"
checksum = "f020237b6c8eed93db2e2cb53c00c60a8e1bc73da7d073199a1180401450218d"
dependencies = [
 "regex-automata",
 "regex-syntax",
]

[[package]]
name = "regex-automata"
version = "0.4.18"
source = "registry+https://github.com/rust-lang/crates.io-index"
checksum = "ad8553b9b26413251cbf30e620595c7a41b3887f03da04579c0e6b0d6a06b4b2"
dependencies = [
 "regex-syntax",
]

[[package]]
name = "regex-syntax"
version = "0.8.11"
source = "registry+https://github.com/rust-lang/crates.io-index"
checksum = "d6f6ff9a378485b298a5286656da665ba74413d36db0979633275d2e708145d4"

[[package]]
name = "spin"
version = "0.9.9"
source = "registry+https://github.com/rust-lang/crates.io-index"
checksum = "3763264f6b73151db08c50ff20d7d8a0b8796e021cdea7ceedad07b80155fa0e"

[[package]]
name = "unicode-width"
version = "0.2.2"
source = "registry+https://github.com/rust-lang/crates.io-index"
checksum = "b4ac048d71ede7ee76d585517add45da530660ef4390e49b098733c6e897f254"
